
Microsoft Visual Studio Solution File, Format Version 12.00
# Visual Studio Version 17
VisualStudioVersion = 17.4.33213.308
MinimumVisualStudioVersion = 10.0.40219.1
Project("{FAE04EC0-301F-11D3-BF4B-00C04F79EFBC}") = "PokeWalkerEditor", "PokeWalkerEditor.csproj", "{DB04466F-39F1-4C6D-8CF9-74E584708187}"
EndProject
Global
	GlobalSection(SolutionConfigurationPlatforms) = preSolution
		Debug|Any CPU = Debug|Any CPU
		Release|Any CPU = Release|Any CPU
	EndGlobalSection
	GlobalSection(ProjectConfigurationPlatforms) = postSolution
		{DB04466F-39F1-4C6D-8CF9-74E584708187}.Debug|Any CPU.ActiveCfg = Debug|Any CPU
		{DB04466F-39F1-4C6D-8CF9-74E584708187}.Debug|Any CPU.Build.0 = Debug|Any CPU
		{DB04466F-39F1-4C6D-8CF9-74E584708187}.Release|Any CPU.ActiveCfg = Release|Any CPU
		{DB04466F-39F1-4C6D-8CF9-74E584708187}.Release|Any CPU.Build.0 = Release|Any CPU
	EndGlobalSection
	GlobalSection(SolutionProperties) = preSolution
		HideSolutionNode = FALSE
	EndGlobalSection
	GlobalSection(ExtensibilityGlobals) = postSolution
		SolutionGuid = {17A5BA5D-2FC7-49B4-868F-5719551A72CA}
	EndGlobalSection
EndGlobal
